# THIS IS AN AUTOGENERATED FILE. DO NOT EDIT THIS FILE DIRECTLY.
# yarn lockfile v1


ios-deploy@^1.12.1:
  version "1.12.1"
  resolved "https://registry.yarnpkg.com/ios-deploy/-/ios-deploy-1.12.1.tgz#a288f9028c08aae98ae5d0533338c2f7637f4fd6"
  integrity sha512-xK+oinl5DvsoFZRG0WsuOkzXblbw30xD90eboVszeHoEp8l5len9QIy74XD+/6EAop3/tA52KMdVPp5/TZLrlw==
